
Microsoft Visual Studio Solution File, Format Version 12.00
# Visual Studio Version 16
VisualStudioVersion = 16.0.30503.244
MinimumVisualStudioVersion = 10.0.40219.1
Project("{FAE04EC0-301F-11D3-BF4B-00C04F79EFBC}") = "UI.Web", "UI.Web\UI.Web.csproj", "{1CCBF939-1C45-4FF6-9E7E-899772B68DBF}"
EndProject
Global
	GlobalSection(SolutionConfigurationPlatforms) = preSolution
		Debug|Any CPU = Debug|Any CPU
		Release|Any CPU = Release|Any CPU
	EndGlobalSection
	GlobalSection(ProjectConfigurationPlatforms) = postSolution
		{1CCBF939-1C45-4FF6-9E7E-899772B68DBF}.Debug|Any CPU.ActiveCfg = Debug|Any CPU
		{1CCBF939-1C45-4FF6-9E7E-899772B68DBF}.Debug|Any CPU.Build.0 = Debug|Any CPU
		{1CCBF939-1C45-4FF6-9E7E-899772B68DBF}.Release|Any CPU.ActiveCfg = Release|Any CPU
		{1CCBF939-1C45-4FF6-9E7E-899772B68DBF}.Release|Any CPU.Build.0 = Release|Any CPU
	EndGlobalSection
	GlobalSection(SolutionProperties) = preSolution
		HideSolutionNode = FALSE
	EndGlobalSection
	GlobalSection(ExtensibilityGlobals) = postSolution
		SolutionGuid = {57DA649D-0516-48ED-BB63-09689ADBDD87}
	EndGlobalSection
EndGlobal
